<Solution>
  <Folder Name="/src/">
    <File Path="../src/Directory.Build.props" />
    <Project Path="../src/Cirreum.Startup/Cirreum.Startup.csproj" />
  </Folder>
  <Folder Name="/tests/">
    <File Path="Directory.Build.props" />
    <Project Path="Cirreum.Startup.Tests/Cirreum.Startup.Tests.csproj" />
  </Folder>
</Solution>
